
Microsoft Visual Studio Solution File, Format Version 12.00
# Visual Studio 15
VisualStudioVersion = 15.0.28307.572
MinimumVisualStudioVersion = 10.0.40219.1
Project("{FAE04EC0-301F-11D3-BF4B-00C04F79EFBC}") = "toy", "toy\toy.csproj", "{F1FAE395-DBA3-4483-AFD3-602F4A309F4A}"
EndProject
Global
	GlobalSection(SolutionConfigurationPlatforms) = preSolution
		Debug|Any CPU = Debug|Any CPU
		Release|Any CPU = Release|Any CPU
	EndGlobalSection
	GlobalSection(ProjectConfigurationPlatforms) = postSolution
		{F1FAE395-DBA3-4483-AFD3-602F4A309F4A}.Debug|Any CPU.ActiveCfg = Debug|Any CPU
		{F1FAE395-DBA3-4483-AFD3-602F4A309F4A}.Debug|Any CPU.Build.0 = Debug|Any CPU
		{F1FAE395-DBA3-4483-AFD3-602F4A309F4A}.Release|Any CPU.ActiveCfg = Release|Any CPU
		{F1FAE395-DBA3-4483-AFD3-602F4A309F4A}.Release|Any CPU.Build.0 = Release|Any CPU
	EndGlobalSection
	GlobalSection(SolutionProperties) = preSolution
		HideSolutionNode = FALSE
	EndGlobalSection
	GlobalSection(ExtensibilityGlobals) = postSolution
		SolutionGuid = {D5652705-2038-4E50-940A-94C06FB3BB2A}
	EndGlobalSection
EndGlobal
